
Microsoft Visual Studio Solution File, Format Version 12.00
# Visual Studio Version 17
VisualStudioVersion = 17.6.33829.357
MinimumVisualStudioVersion = 10.0.40219.1
Project("{FAE04EC0-301F-11D3-BF4B-00C04F79EFBC}") = "login2", "login2.csproj", "{2EA73BEE-DEA7-41FA-95E5-495895CD0729}"
EndProject
Global
	GlobalSection(SolutionConfigurationPlatforms) = preSolution
		Debug|Any CPU = Debug|Any CPU
		Release|Any CPU = Release|Any CPU
	EndGlobalSection
	GlobalSection(ProjectConfigurationPlatforms) = postSolution
		{2EA73BEE-DEA7-41FA-95E5-495895CD0729}.Debug|Any CPU.ActiveCfg = Debug|Any CPU
		{2EA73BEE-DEA7-41FA-95E5-495895CD0729}.Debug|Any CPU.Build.0 = Debug|Any CPU
		{2EA73BEE-DEA7-41FA-95E5-495895CD0729}.Release|Any CPU.ActiveCfg = Release|Any CPU
		{2EA73BEE-DEA7-41FA-95E5-495895CD0729}.Release|Any CPU.Build.0 = Release|Any CPU
	EndGlobalSection
	GlobalSection(SolutionProperties) = preSolution
		HideSolutionNode = FALSE
	EndGlobalSection
	GlobalSection(ExtensibilityGlobals) = postSolution
		SolutionGuid = {9351274A-4BAC-46C7-9157-9738F77F5A06}
	EndGlobalSection
EndGlobal
